
Microsoft Visual Studio Solution File, Format Version 12.00
# Visual Studio Version 17
VisualStudioVersion = 17.4.33213.308
MinimumVisualStudioVersion = 10.0.40219.1
Project("{2150E333-8FDC-42A3-9474-1A3956D46DE8}") = "Frontend", "Frontend", "{F3A09EC3-3515-4AC4-920A-E94FC5704CD3}"
EndProject
Project("{9A19103F-16F7-4668-BE54-9A1E7A4F7556}") = "Mango.Web", "Mango.Web\Mango.Web.csproj", "{AF74C1A7-110A-4F27-B8D4-8A797776B33C}"
EndProject
Project("{2150E333-8FDC-42A3-9474-1A3956D46DE8}") = "Services", "Services", "{09A837E3-3215-4E20-B0DE-52ECE6E897D0}"
EndProject
Project("{9A19103F-16F7-4668-BE54-9A1E7A4F7556}") = "Mango.Services.ProductAPI", "Mango.Services.ProductAPI\Mango.Services.ProductAPI.csproj", "{4CB71549-B4E4-4E02-B2F1-DFCF28F003CA}"
EndProject
Project("{2150E333-8FDC-42A3-9474-1A3956D46DE8}") = "ProductAPI", "ProductAPI", "{84EA22CA-F519-472D-8CFA-FC0BDE35E594}"
EndProject
Project("{2150E333-8FDC-42A3-9474-1A3956D46DE8}") = "DataAccess", "DataAccess", "{C93DFA5D-6CAC-48F4-A97E-CDD85DCC9CC1}"
EndProject
Project("{2150E333-8FDC-42A3-9474-1A3956D46DE8}") = "BusinessLogic", "BusinessLogic", "{B34D72B3-0BF0-4F84-A19F-FF9A916A8986}"
EndProject
Project("{2150E333-8FDC-42A3-9474-1A3956D46DE8}") = "Persistence", "Persistence", "{74E33111-84D7-44B9-9D51-B092410B13ED}"
EndProject
Project("{9A19103F-16F7-4668-BE54-9A1E7A4F7556}") = "Mango.ProductAPI.Persistence", "Mango.ProductAPI.Persistence\Mango.ProductAPI.Persistence.csproj", "{1296D1E5-7B88-4A36-BB9D-27DFEA1D067F}"
EndProject
Project("{2150E333-8FDC-42A3-9474-1A3956D46DE8}") = "Sharable", "Sharable", "{9782296C-3AD1-489A-81BA-2EB75CE76710}"
EndProject
Project("{2150E333-8FDC-42A3-9474-1A3956D46DE8}") = "DataComponents", "DataComponents", "{0B80CCCB-BCDF-4322-B601-0F63D6C845FE}"
EndProject
Project("{FAE04EC0-301F-11D3-BF4B-00C04F79EFBC}") = "Mango.ProductAPI.DataComponents", "Mango.ProductAPI.DataComponents\Mango.ProductAPI.DataComponents.csproj", "{E15C2BE6-9A47-4C2A-BB5F-B85DC5777A24}"
EndProject
Global
	GlobalSection(SolutionConfigurationPlatforms) = preSolution
		Debug|Any CPU = Debug|Any CPU
		Release|Any CPU = Release|Any CPU
	EndGlobalSection
	GlobalSection(ProjectConfigurationPlatforms) = postSolution
		{AF74C1A7-110A-4F27-B8D4-8A797776B33C}.Debug|Any CPU.ActiveCfg = Debug|Any CPU
		{AF74C1A7-110A-4F27-B8D4-8A797776B33C}.Debug|Any CPU.Build.0 = Debug|Any CPU
		{AF74C1A7-110A-4F27-B8D4-8A797776B33C}.Release|Any CPU.ActiveCfg = Release|Any CPU
		{AF74C1A7-110A-4F27-B8D4-8A797776B33C}.Release|Any CPU.Build.0 = Release|Any CPU
		{4CB71549-B4E4-4E02-B2F1-DFCF28F003CA}.Debug|Any CPU.ActiveCfg = Debug|Any CPU
		{4CB71549-B4E4-4E02-B2F1-DFCF28F003CA}.Debug|Any CPU.Build.0 = Debug|Any CPU
		{4CB71549-B4E4-4E02-B2F1-DFCF28F003CA}.Release|Any CPU.ActiveCfg = Release|Any CPU
		{4CB71549-B4E4-4E02-B2F1-DFCF28F003CA}.Release|Any CPU.Build.0 = Release|Any CPU
		{1296D1E5-7B88-4A36-BB9D-27DFEA1D067F}.Debug|Any CPU.ActiveCfg = Debug|Any CPU
		{1296D1E5-7B88-4A36-BB9D-27DFEA1D067F}.Debug|Any CPU.Build.0 = Debug|Any CPU
		{1296D1E5-7B88-4A36-BB9D-27DFEA1D067F}.Release|Any CPU.ActiveCfg = Release|Any CPU
		{1296D1E5-7B88-4A36-BB9D-27DFEA1D067F}.Release|Any CPU.Build.0 = Release|Any CPU
		{E15C2BE6-9A47-4C2A-BB5F-B85DC5777A24}.Debug|Any CPU.ActiveCfg = Debug|Any CPU
		{E15C2BE6-9A47-4C2A-BB5F-B85DC5777A24}.Debug|Any CPU.Build.0 = Debug|Any CPU
		{E15C2BE6-9A47-4C2A-BB5F-B85DC5777A24}.Release|Any CPU.ActiveCfg = Release|Any CPU
		{E15C2BE6-9A47-4C2A-BB5F-B85DC5777A24}.Release|Any CPU.Build.0 = Release|Any CPU
	EndGlobalSection
	GlobalSection(SolutionProperties) = preSolution
		HideSolutionNode = FALSE
	EndGlobalSection
	GlobalSection(NestedProjects) = preSolution
		{AF74C1A7-110A-4F27-B8D4-8A797776B33C} = {F3A09EC3-3515-4AC4-920A-E94FC5704CD3}
		{4CB71549-B4E4-4E02-B2F1-DFCF28F003CA} = {84EA22CA-F519-472D-8CFA-FC0BDE35E594}
		{84EA22CA-F519-472D-8CFA-FC0BDE35E594} = {09A837E3-3215-4E20-B0DE-52ECE6E897D0}
		{C93DFA5D-6CAC-48F4-A97E-CDD85DCC9CC1} = {84EA22CA-F519-472D-8CFA-FC0BDE35E594}
		{B34D72B3-0BF0-4F84-A19F-FF9A916A8986} = {84EA22CA-F519-472D-8CFA-FC0BDE35E594}
		{74E33111-84D7-44B9-9D51-B092410B13ED} = {C93DFA5D-6CAC-48F4-A97E-CDD85DCC9CC1}
		{1296D1E5-7B88-4A36-BB9D-27DFEA1D067F} = {74E33111-84D7-44B9-9D51-B092410B13ED}
		{0B80CCCB-BCDF-4322-B601-0F63D6C845FE} = {C93DFA5D-6CAC-48F4-A97E-CDD85DCC9CC1}
		{E15C2BE6-9A47-4C2A-BB5F-B85DC5777A24} = {0B80CCCB-BCDF-4322-B601-0F63D6C845FE}
	EndGlobalSection
	GlobalSection(ExtensibilityGlobals) = postSolution
		SolutionGuid = {0C972E4D-1074-4F47-9590-7069A25ACF72}
	EndGlobalSection
EndGlobal
